{
  "name": "agent_dispatch",
  "lockfileVersion": 3,
  "requires": true,
  "packages": {
    "": {
      "dependencies": {
        "agentbootup": "file:../agentbootup"
      }
    },
    "../agentbootup": {
      "version": "0.1.0",
      "license": "MIT",
      "bin": {
        "agentbootup": "bootup.mjs"
      },
      "engines": {
        "node": ">=18"
      }
    },
    "node_modules/agentbootup": {
      "resolved": "../agentbootup",
      "link": true
    }
  }
}
